Microsoft Visual Studio Solution File, Format Version 11.00
# Visual Studio 2008

Project("{7E890232-1454-D4E8-2C02-3F0529115D51}") = "SCI-FI 2D", "Assembly-CSharp.csproj", "{9A7BB184-C59B-AD5A-79B6-8FA12E4ECD0F}"
EndProject
Global
	GlobalSection(SolutionConfigurationPlatforms) = preSolution
		Debug|Any CPU = Debug|Any CPU
		Release|Any CPU = Release|Any CPU
	EndGlobalSection
	GlobalSection(ProjectConfigurationPlatforms) = postSolution
		{9A7BB184-C59B-AD5A-79B6-8FA12E4ECD0F}.Debug|Any CPU.ActiveCfg = Debug|Any CPU
		{9A7BB184-C59B-AD5A-79B6-8FA12E4ECD0F}.Debug|Any CPU.Build.0 = Debug|Any CPU
		{9A7BB184-C59B-AD5A-79B6-8FA12E4ECD0F}.Release|Any CPU.ActiveCfg = Release|Any CPU
		{9A7BB184-C59B-AD5A-79B6-8FA12E4ECD0F}.Release|Any CPU.Build.0 = Release|Any CPU
	EndGlobalSection
	GlobalSection(SolutionProperties) = preSolution
		HideSolutionNode = FALSE
	EndGlobalSection
	GlobalSection(MonoDevelopProperties) = preSolution
		StartupItem = Assembly-CSharp.csproj
	EndGlobalSection
EndGlobal
